# This file is automatically @generated by Cargo.
# It is not intended for manual editing.
version = 4

[[package]]
name = "merian-cli"
version = "0.1.0"

[[package]]
name = "merian-ir"
version = "0.1.0"

[[package]]
name = "merian-lower"
version = "0.1.0"

[[package]]
name = "merian-parser"
version = "0.1.0"
